
Microsoft Visual Studio Solution File, Format Version 12.00
# Visual Studio Version 17
VisualStudioVersion = 17.1.32328.378
MinimumVisualStudioVersion = 10.0.40219.1
Project("{9A19103F-16F7-4668-BE54-9A1E7A4F7556}") = "AntlrODataCSharp", "AntlrODataCSharp\AntlrODataCSharp.csproj", "{6E913016-E7E1-4186-BE00-C2E1DF881F12}"
EndProject
Project("{9A19103F-16F7-4668-BE54-9A1E7A4F7556}") = "AntlrODataCSharpTests", "AntlrODataCSharpTests\AntlrODataCSharpTests.csproj", "{A980754E-F900-4957-80B0-4B82BB56BC3A}"
EndProject
Global
	GlobalSection(SolutionConfigurationPlatforms) = preSolution
		Debug|Any CPU = Debug|Any CPU
		Release|Any CPU = Release|Any CPU
	EndGlobalSection
	GlobalSection(ProjectConfigurationPlatforms) = postSolution
		{6E913016-E7E1-4186-BE00-C2E1DF881F12}.Debug|Any CPU.ActiveCfg = Debug|Any CPU
		{6E913016-E7E1-4186-BE00-C2E1DF881F12}.Debug|Any CPU.Build.0 = Debug|Any CPU
		{6E913016-E7E1-4186-BE00-C2E1DF881F12}.Release|Any CPU.ActiveCfg = Release|Any CPU
		{6E913016-E7E1-4186-BE00-C2E1DF881F12}.Release|Any CPU.Build.0 = Release|Any CPU
		{A980754E-F900-4957-80B0-4B82BB56BC3A}.Debug|Any CPU.ActiveCfg = Debug|Any CPU
		{A980754E-F900-4957-80B0-4B82BB56BC3A}.Debug|Any CPU.Build.0 = Debug|Any CPU
		{A980754E-F900-4957-80B0-4B82BB56BC3A}.Release|Any CPU.ActiveCfg = Release|Any CPU
		{A980754E-F900-4957-80B0-4B82BB56BC3A}.Release|Any CPU.Build.0 = Release|Any CPU
	EndGlobalSection
	GlobalSection(SolutionProperties) = preSolution
		HideSolutionNode = FALSE
	EndGlobalSection
	GlobalSection(ExtensibilityGlobals) = postSolution
		SolutionGuid = {E7A564C1-9D06-40A9-B371-4857B1FCE034}
	EndGlobalSection
EndGlobal
